// !$*UTF8*$!
{
	archiveVersion = 1;
	classes = {
	};
	objectVersion = 50;
	objects = {

/* Begin PBXBuildFile section */
		25B19510244AFB42001B4E16 /* AppDelegate.m in Sources */ = {isa = PBXBuildFile; fileRef = 25B1950F244AFB42001B4E16 /* AppDelegate.m */; };
		25B19513244AFB42001B4E16 /* SceneDelegate.m in Sources */ = {isa = PBXBuildFile; fileRef = 25B19512244AFB42001B4E16 /* SceneDelegate.m */; };
		25B19516244AFB42001B4E16 /* ViewController.m in Sources */ = {isa = PBXBuildFile; fileRef = 25B19515244AFB42001B4E16 /* ViewController.m */; };
		25B19519244AFB42001B4E16 /* Main.storyboard in Resources */ = {isa = PBXBuildFile; fileRef = 25B19517244AFB42001B4E16 /* Main.storyboard */; };
		25B1951B244AFB44001B4E16 /* Assets.xcassets in Resources */ = {isa = PBXBuildFile; fileRef = 25B1951A244AFB44001B4E16 /* Assets.xcassets */; };
		25B1951E244AFB44001B4E16 /* LaunchScreen.storyboard in Resources */ = {isa = PBXBuildFile; fileRef = 25B1951C244AFB44001B4E16 /* LaunchScreen.storyboard */; };
		25B19521244AFB44001B4E16 /* main.m in Sources */ = {isa = PBXBuildFile; fileRef = 25B19520244AFB44001B4E16 /* main.m */; };
/* End PBXBuildFile section */

/* Begin PBXFileReference section */
		25B1950B244AFB42001B4E16 /* autolayout002.app */ = {isa = PBXFileReference; explicitFileType = wrapper.application; includeInIndex = 0; path = autolayout002.app; sourceTree = BUILT_PRODUCTS_DIR; };
		25B1950E244AFB42001B4E16 /* AppDelegate.h */ = {isa = PBXFileReference; lastKnownFileType = sourcecode.c.h; path = AppDelegate.h; sourceTree = "<group>"; };
		25B1950F244AFB42001B4E16 /* AppDelegate.m */ = {isa = PBXFileReference; lastKnownFileType = sourcecode.c.objc; path = AppDelegate.m; sourceTree = "<group>"; };
		25B19511244AFB42001B4E16 /* SceneDelegate.h */ = {isa = PBXFileReference; lastKnownFileType = sourcecode.c.h; path = SceneDelegate.h; sourceTree = "<group>"; };
		25B19512244AFB42001B4E16 /* SceneDelegate.m */ = {isa = PBXFileReference; lastKnownFileType = sourcecode.c.objc; path = SceneDelegate.m; sourceTree = "<group>"; };
		25B19514244AFB42001B4E16 /* ViewController.h */ = {isa = PBXFileReference; lastKnownFileType = sourcecode.c.h; path = ViewController.h; sourceTree = "<group>"; };
		25B19515244AFB42001B4E16 /* ViewController.m */ = {isa = PBXFileReference; lastKnownFileType = sourcecode.c.objc; path = ViewController.m; sourceTree = "<group>"; };
		25B19518244AFB42001B4E16 /* Base */ = {isa = PBXFileReference; lastKnownFileType = file.storyboard; name = Base; path = Base.lproj/Main.storyboard; sourceTree = "<group>"; };
		25B1951A244AFB44001B4E16 /* Assets.xcassets */ = {isa = PBXFileReference; lastKnownFileType = folder.assetcatalog; path = Assets.xcassets; sourceTree = "<group>"; };
		25B1951D244AFB44001B4E16 /* Base */ = {isa = PBXFileReference; lastKnownFileType = file.storyboard; name = Base; path = Base.lproj/LaunchScreen.storyboard; sourceTree = "<group>"; };
		25B1951F244AFB44001B4E16 /* Info.plist */ = {isa = PBXFileReference; lastKnownFileType = text.plist.xml; path = Info.plist; sourceTree = "<group>"; };
		25B19520244AFB44001B4E16 /* main.m */ = {isa = PBXFileReference; lastKnownFileType = sourcecode.c.objc; path = main.m; sourceTree = "<group>"; };
/* End PBXFileReference section */

/* Begin PBXFrameworksBuildPhase section */
		25B19508244AFB42001B4E16 /* Frameworks */ = {
			isa = PBXFrameworksBuildPhase;
			buildActionMask = 2147483647;
			files = (
			);
			runOnlyForDeploymentPostprocessing = 0;
		};
/* End PBXFrameworksBuildPhase section */

/* Begin PBXGroup section */
		25B19502244AFB42001B4E16 = {
			isa = PBXGroup;
			children = (
				25B1950D244AFB42001B4E16 /* autolayout002 */,
				25B1950C244AFB42001B4E16 /* Products */,
			);
			sourceTree = "<group>";
		};
		25B1950C244AFB42001B4E16 /* Products */ = {
			isa = PBXGroup;
			children = (
				25B1950B244AFB42001B4E16 /* autolayout002.app */,
			);
			name = Products;
			sourceTree = "<group>";
		};
		25B1950D244AFB42001B4E16 /* autolayout002 */ = {
			isa = PBXGroup;
			children = (
				25B1950E244AFB42001B4E16 /* AppDelegate.h */,
				25B1950F244AFB42001B4E16 /* AppDelegate.m */,
				25B19511244AFB42001B4E16 /* SceneDelegate.h */,
				25B19512244AFB42001B4E16 /* SceneDelegate.m */,
				25B19514244AFB42001B4E16 /* ViewController.h */,
				25B19515244AFB42001B4E16 /* ViewController.m */,
				25B19517244AFB42001B4E16 /* Main.storyboard */,
				25B1951A244AFB44001B4E16 /* Assets.xcassets */,
				25B1951C244AFB44001B4E16 /* LaunchScreen.storyboard */,
				25B1951F244AFB44001B4E16 /* Info.plist */,
				25B19520244AFB44001B4E16 /* main.m */,
			);
			path = autolayout002;
			sourceTree = "<group>";
		};
/* End PBXGroup section */

/* Begin PBXNativeTarget section */
		25B1950A244AFB42001B4E16 /* autolayout002 */ = {
			isa = PBXNativeTarget;
			buildConfigurationList = 25B19524244AFB44001B4E16 /* Build configuration list for PBXNativeTarget "autolayout002" */;
			buildPhases = (
				25B19507244AFB42001B4E16 /* Sources */,
				25B19508244AFB42001B4E16 /* Frameworks */,
				25B19509244AFB42001B4E16 /* Resources */,
			);
			buildRules = (
			);
			dependencies = (
			);
			name = autolayout002;
			productName = autolayout002;
			productReference = 25B1950B244AFB42001B4E16 /* autolayout002.app */;
			productType = "com.apple.product-type.application";
		};
/* End PBXNativeTarget section */

/* Begin PBXProject section */
		25B19503244AFB42001B4E16 /* Project object */ = {
			isa = PBXProject;
			attributes = {
				LastUpgradeCheck = 1140;
				ORGANIZATIONNAME = zerrozhao;
				TargetAttributes = {
					25B1950A244AFB42001B4E16 = {
						CreatedOnToolsVersion = 11.4.1;
					};
				};
			};
			buildConfigurationList = 25B19506244AFB42001B4E16 /* Build configuration list for PBXProject "autolayout002" */;
			compatibilityVersion = "Xcode 9.3";
			developmentRegion = en;
			hasScannedForEncodings = 0;
			knownRegions = (
				en,
				Base,
			);
			mainGroup = 25B19502244AFB42001B4E16;
			productRefGroup = 25B1950C244AFB42001B4E16 /* Products */;
			projectDirPath = "";
			projectRoot = "";
			targets = (
				25B1950A244AFB42001B4E16 /* autolayout002 */,
			);
		};
/* End PBXProject section */

/* Begin PBXResourcesBuildPhase section */
		25B19509244AFB42001B4E16 /* Resources */ = {
			isa = PBXResourcesBuildPhase;
			buildActionMask = 2147483647;
			files = (
				25B1951E244AFB44001B4E16 /* LaunchScreen.storyboard in Resources */,
				25B1951B244AFB44001B4E16 /* Assets.xcassets in Resources */,
				25B19519244AFB42001B4E16 /* Main.storyboard in Resources */,
			);
			runOnlyForDeploymentPostprocessing = 0;
		};
/* End PBXResourcesBuildPhase section */

/* Begin PBXSourcesBuildPhase section */
		25B19507244AFB42001B4E16 /* Sources */ = {
			isa = PBXSourcesBuildPhase;
			buildActionMask = 2147483647;
			files = (
				25B19516244AFB42001B4E16 /* ViewController.m in Sources */,
				25B19510244AFB42001B4E16 /* AppDelegate.m in Sources */,
				25B19521244AFB44001B4E16 /* main.m in Sources */,
				25B19513244AFB42001B4E16 /* SceneDelegate.m in Sources */,
			);
			runOnlyForDeploymentPostprocessing = 0;
		};
/* End PBXSourcesBuildPhase section */

/* Begin PBXVariantGroup section */
		25B19517244AFB42001B4E16 /* Main.storyboard */ = {
			isa = PBXVariantGroup;
			children = (
				25B19518244AFB42001B4E16 /* Base */,
			);
			name = Main.storyboard;
			sourceTree = "<group>";
		};
		25B1951C244AFB44001B4E16 /* LaunchScreen.storyboard */ = {
			isa = PBXVariantGroup;
			children = (
				25B1951D244AFB44001B4E16 /* Base */,
			);
			name = LaunchScreen.storyboard;
			sourceTree = "<group>";
		};
/* End PBXVariantGroup section */

/* Begin XCBuildConfiguration section */
		25B19522244AFB44001B4E16 /* Debug */ = {
			isa = XCBuildConfiguration;
			buildSettings = {
				ALWAYS_SEARCH_USER_PATHS = NO;
				CLANG_ANALYZER_NONNULL = YES;
				CLANG_ANALYZER_NUMBER_OBJECT_CONVERSION = YES_AGGRESSIVE;
				CLANG_CXX_LANGUAGE_STANDARD = "gnu++14";
				CLANG_CXX_LIBRARY = "libc++";
				CLANG_ENABLE_MODULES = YES;
				CLANG_ENABLE_OBJC_ARC = YES;
				CLANG_ENABLE_OBJC_WEAK = YES;
				CLANG_WARN_BLOCK_CAPTURE_AUTORELEASING = YES;
				CLANG_WARN_BOOL_CONVERSION = YES;
				CLANG_WARN_COMMA = YES;
				CLANG_WARN_CONSTANT_CONVERSION = YES;
				CLANG_WARN_DEPRECATED_OBJC_IMPLEMENTATIONS = YES;
				CLANG_WARN_DIRECT_OBJC_ISA_USAGE = YES_ERROR;
				CLANG_WARN_DOCUMENTATION_COMMENTS = YES;
				CLANG_WARN_EMPTY_BODY = YES;
				CLANG_WARN_ENUM_CONVERSION = YES;
				CLANG_WARN_INFINITE_RECURSION = YES;
				CLANG_WARN_INT_CONVERSION = YES;
				CLANG_WARN_NON_LITERAL_NULL_CONVERSION = YES;
				CLANG_WARN_OBJC_IMPLICIT_RETAIN_SELF = YES;
				CLANG_WARN_OBJC_LITERAL_CONVERSION = YES;
				CLANG_WARN_OBJC_ROOT_CLASS = YES_ERROR;
				CLANG_WARN_RANGE_LOOP_ANALYSIS = YES;
				CLANG_WARN_STRICT_PROTOTYPES = YES;
				CLANG_WARN_SUSPICIOUS_MOVE = YES;
				CLANG_WARN_UNGUARDED_AVAILABILITY = YES_AGGRESSIVE;
				CLANG_WARN_UNREACHABLE_CODE = YES;
				CLANG_WARN__DUPLICATE_METHOD_MATCH = YES;
				COPY_PHASE_STRIP = NO;
				DEBUG_INFORMATION_FORMAT = dwarf;
				ENABLE_STRICT_OBJC_MSGSEND = YES;
				ENABLE_TESTABILITY = YES;
				GCC_C_LANGUAGE_STANDARD = gnu11;
				GCC_DYNAMIC_NO_PIC = NO;
				GCC_NO_COMMON_BLOCKS = YES;
				GCC_OPTIMIZATION_LEVEL = 0;
				GCC_PREPROCESSOR_DEFINITIONS = (
					"DEBUG=1",
					"$(inherited)",
				);
				GCC_WARN_64_TO_32_BIT_CONVERSION = YES;
				GCC_WARN_ABOUT_RETURN_TYPE = YES_ERROR;
				GCC_WARN_UNDECLARED_SELECTOR = YES;
				GCC_WARN_UNINITIALIZED_AUTOS = YES_AGGRESSIVE;
				GCC_WARN_UNUSED_FUNCTION = YES;
				GCC_WARN_UNUSED_VARIABLE = YES;
				IPHONEOS_DEPLOYMENT_TARGET = 13.4;
				MTL_ENABLE_DEBUG_INFO = INCLUDE_SOURCE;
				MTL_FAST_MATH = YES;
				ONLY_ACTIVE_ARCH = YES;
				SDKROOT = iphoneos;
			};
			name = Debug;
		};
		25B19523244AFB44001B4E16 /* Release */ = {
			isa = XCBuildConfiguration;
			buildSettings = {
				ALWAYS_SEARCH_USER_PATHS = NO;
				CLANG_ANALYZER_NONNULL = YES;
				CLANG_ANALYZER_NUMBER_OBJECT_CONVERSION = YES_AGGRESSIVE;
				CLANG_CXX_LANGUAGE_STANDARD = "gnu++14";
				CLANG_CXX_LIBRARY = "libc++";
				CLANG_ENABLE_MODULES = YES;
				CLANG_ENABLE_OBJC_ARC = YES;
				CLANG_ENABLE_OBJC_WEAK = YES;
				CLANG_WARN_BLOCK_CAPTURE_AUTORELEASING = YES;
				CLANG_WARN_BOOL_CONVERSION = YES;
				CLANG_WARN_COMMA = YES;
				CLANG_WARN_CONSTANT_CONVERSION = YES;
				CLANG_WARN_DEPRECATED_OBJC_IMPLEMENTATIONS = YES;
				CLANG_WARN_DIRECT_OBJC_ISA_USAGE = YES_ERROR;
				CLANG_WARN_DOCUMENTATION_COMMENTS = YES;
				CLANG_WARN_EMPTY_BODY = YES;
				CLANG_WARN_ENUM_CONVERSION = YES;
				CLANG_WARN_INFINITE_RECURSION = YES;
				CLANG_WARN_INT_CONVERSION = YES;
				CLANG_WARN_NON_LITERAL_NULL_CONVERSION = YES;
				CLANG_WARN_OBJC_IMPLICIT_RETAIN_SELF = YES;
				CLANG_WARN_OBJC_LITERAL_CONVERSION = YES;
				CLANG_WARN_OBJC_ROOT_CLASS = YES_ERROR;
				CLANG_WARN_RANGE_LOOP_ANALYSIS = YES;
				CLANG_WARN_STRICT_PROTOTYPES = YES;
				CLANG_WARN_SUSPICIOUS_MOVE = YES;
				CLANG_WARN_UNGUARDED_AVAILABILITY = YES_AGGRESSIVE;
				CLANG_WARN_UNREACHABLE_CODE = YES;
				CLANG_WARN__DUPLICATE_METHOD_MATCH = YES;
				COPY_PHASE_STRIP = NO;
				DEBUG_INFORMATION_FORMAT = "dwarf-with-dsym";
				ENABLE_NS_ASSERTIONS = NO;
				ENABLE_STRICT_OBJC_MSGSEND = YES;
				GCC_C_LANGUAGE_STANDARD = gnu11;
				GCC_NO_COMMON_BLOCKS = YES;
				GCC_WARN_64_TO_32_BIT_CONVERSION = YES;
				GCC_WARN_ABOUT_RETURN_TYPE = YES_ERROR;
				GCC_WARN_UNDECLARED_SELECTOR = YES;
				GCC_WARN_UNINITIALIZED_AUTOS = YES_AGGRESSIVE;
				GCC_WARN_UNUSED_FUNCTION = YES;
				GCC_WARN_UNUSED_VARIABLE = YES;
				IPHONEOS_DEPLOYMENT_TARGET = 13.4;
				MTL_ENABLE_DEBUG_INFO = NO;
				MTL_FAST_MATH = YES;
				SDKROOT = iphoneos;
				VALIDATE_PRODUCT = YES;
			};
			name = Release;
		};
		25B19525244AFB44001B4E16 /* Debug */ = {
			isa = XCBuildConfiguration;
			buildSettings = {
				ASSETCATALOG_COMPILER_APPICON_NAME = AppIcon;
				CODE_SIGN_STYLE = Automatic;
				DEVELOPMENT_TEAM = D955CS4X4V;
				INFOPLIST_FILE = autolayout002/Info.plist;
				LD_RUNPATH_SEARCH_PATHS = (
					"$(inherited)",
					"@executable_path/Frameworks",
				);
				PRODUCT_BUNDLE_IDENTIFIER = io.heyalgo.autolayout002;
				PRODUCT_NAME = "$(TARGET_NAME)";
				TARGETED_DEVICE_FAMILY = "1,2";
			};
			name = Debug;
		};
		25B19526244AFB44001B4E16 /* Release */ = {
			isa = XCBuildConfiguration;
			buildSettings = {
				ASSETCATALOG_COMPILER_APPICON_NAME = AppIcon;
				CODE_SIGN_STYLE = Automatic;
				DEVELOPMENT_TEAM = D955CS4X4V;
				INFOPLIST_FILE = autolayout002/Info.plist;
				LD_RUNPATH_SEARCH_PATHS = (
					"$(inherited)",
					"@executable_path/Frameworks",
				);
				PRODUCT_BUNDLE_IDENTIFIER = io.heyalgo.autolayout002;
				PRODUCT_NAME = "$(TARGET_NAME)";
				TARGETED_DEVICE_FAMILY = "1,2";
			};
			name = Release;
		};
/* End XCBuildConfiguration section */

/* Begin XCConfigurationList section */
		25B19506244AFB42001B4E16 /* Build configuration list for PBXProject "autolayout002" */ = {
			isa = XCConfigurationList;
			buildConfigurations = (
				25B19522244AFB44001B4E16 /* Debug */,
				25B19523244AFB44001B4E16 /* Release */,
			);
			defaultConfigurationIsVisible = 0;
			defaultConfigurationName = Release;
		};
		25B19524244AFB44001B4E16 /* Build configuration list for PBXNativeTarget "autolayout002" */ = {
			isa = XCConfigurationList;
			buildConfigurations = (
				25B19525244AFB44001B4E16 /* Debug */,
				25B19526244AFB44001B4E16 /* Release */,
			);
			defaultConfigurationIsVisible = 0;
			defaultConfigurationName = Release;
		};
/* End XCConfigurationList section */
	};
	rootObject = 25B19503244AFB42001B4E16 /* Project object */;
}
